// !$*UTF8*$!
{
	archiveVersion = 1;
	classes = {
	};
	objectVersion = 50;
	objects = {

/* Begin PBXBuildFile section */
		1E1F0DE924DB90B20059FC9F /* MoveManager.m in Sources */ = {isa = PBXBuildFile; fileRef = 1E1F0DE824DB90B20059FC9F /* MoveManager.m */; };
		1E2CEC6624E1D75800ADDF0A /* WeightObject.m in Sources */ = {isa = PBXBuildFile; fileRef = 1E2CEC6524E1D75800ADDF0A /* WeightObject.m */; };
		1E5004E224DB090C006C23A6 /* AppDelegate.m in Sources */ = {isa = PBXBuildFile; fileRef = 1E5004E124DB090C006C23A6 /* AppDelegate.m */; };
		1E5004E524DB090C006C23A6 /* SceneDelegate.m in Sources */ = {isa = PBXBuildFile; fileRef = 1E5004E424DB090C006C23A6 /* SceneDelegate.m */; };
		1E5004E824DB090C006C23A6 /* FirstViewController.m in Sources */ = {isa = PBXBuildFile; fileRef = 1E5004E724DB090C006C23A6 /* FirstViewController.m */; };
		1E5004EB24DB090C006C23A6 /* SecondViewController.m in Sources */ = {isa = PBXBuildFile; fileRef = 1E5004EA24DB090C006C23A6 /* SecondViewController.m */; };
		1E5004EE24DB090C006C23A6 /* Main.storyboard in Resources */ = {isa = PBXBuildFile; fileRef = 1E5004EC24DB090C006C23A6 /* Main.storyboard */; };
		1E5004F124DB090C006C23A6 /* tricking_generator.xcdatamodeld in Sources */ = {isa = PBXBuildFile; fileRef = 1E5004EF24DB090C006C23A6 /* tricking_generator.xcdatamodeld */; };
		1E5004F324DB090C006C23A6 /* Assets.xcassets in Resources */ = {isa = PBXBuildFile; fileRef = 1E5004F224DB090C006C23A6 /* Assets.xcassets */; };
		1E5004F624DB090C006C23A6 /* LaunchScreen.storyboard in Resources */ = {isa = PBXBuildFile; fileRef = 1E5004F424DB090C006C23A6 /* LaunchScreen.storyboard */; };
		1E5004F924DB090C006C23A6 /* main.m in Sources */ = {isa = PBXBuildFile; fileRef = 1E5004F824DB090C006C23A6 /* main.m */; };
		1E50050224DB0DBC006C23A6 /* Move.m in Sources */ = {isa = PBXBuildFile; fileRef = 1E50050124DB0DBC006C23A6 /* Move.m */; };
		1EC59DA624E49A17003F4D78 /* CellMenuItem.m in Sources */ = {isa = PBXBuildFile; fileRef = 1EC59D9E24E49A17003F4D78 /* CellMenuItem.m */; };
		1EC59DA724E49A17003F4D78 /* MainCell.m in Sources */ = {isa = PBXBuildFile; fileRef = 1EC59D9F24E49A17003F4D78 /* MainCell.m */; };
		1EC59DA824E49A17003F4D78 /* HeaderCell.m in Sources */ = {isa = PBXBuildFile; fileRef = 1EC59DA124E49A17003F4D78 /* HeaderCell.m */; };
		1EC59DA924E49A17003F4D78 /* MoveCell.m in Sources */ = {isa = PBXBuildFile; fileRef = 1EC59DA324E49A17003F4D78 /* MoveCell.m */; };
		1EC59DC624E49D9C003F4D78 /* arrowright.png in Resources */ = {isa = PBXBuildFile; fileRef = 1EC59DAB24E49D99003F4D78 /* arrowright.png */; };
		1EC59DC724E49D9C003F4D78 /* ocean.jpg in Resources */ = {isa = PBXBuildFile; fileRef = 1EC59DAC24E49D99003F4D78 /* ocean.jpg */; };
		1EC59DC824E49D9C003F4D78 /* error.png in Resources */ = {isa = PBXBuildFile; fileRef = 1EC59DAD24E49D99003F4D78 /* error.png */; };
		1EC59DC924E49D9C003F4D78 /* shattered-island.gif in Resources */ = {isa = PBXBuildFile; fileRef = 1EC59DAE24E49D99003F4D78 /* shattered-island.gif */; };
		1EC59DCA24E49D9C003F4D78 /* speaker.png in Resources */ = {isa = PBXBuildFile; fileRef = 1EC59DAF24E49D99003F4D78 /* speaker.png */; };
		1EC59DCB24E49D9C003F4D78 /* fontlogowhite.png in Resources */ = {isa = PBXBuildFile; fileRef = 1EC59DB024E49D99003F4D78 /* fontlogowhite.png */; };
		1EC59DCC24E49D9C003F4D78 /* arrowdown.png in Resources */ = {isa = PBXBuildFile; fileRef = 1EC59DB124E49D99003F4D78 /* arrowdown.png */; };
		1EC59DCD24E49D9C003F4D78 /* checked.png in Resources */ = {isa = PBXBuildFile; fileRef = 1EC59DB224E49D99003F4D78 /* checked.png */; };
		1EC59DCE24E49D9C003F4D78 /* punchplaceholder.png in Resources */ = {isa = PBXBuildFile; fileRef = 1EC59DB324E49D9A003F4D78 /* punchplaceholder.png */; };
		1EC59DCF24E49D9C003F4D78 /* gear.png in Resources */ = {isa = PBXBuildFile; fileRef = 1EC59DB424E49D9A003F4D78 /* gear.png */; };
		1EC59DD024E49D9C003F4D78 /* kcickgenicontrans.png in Resources */ = {isa = PBXBuildFile; fileRef = 1EC59DB524E49D9A003F4D78 /* kcickgenicontrans.png */; };
		1EC59DD124E49D9C003F4D78 /* special-delivery (1).jpg in Resources */ = {isa = PBXBuildFile; fileRef = 1EC59DB624E49D9A003F4D78 /* special-delivery (1).jpg */; };
		1EC59DD224E49D9C003F4D78 /* question.png in Resources */ = {isa = PBXBuildFile; fileRef = 1EC59DB724E49D9A003F4D78 /* question.png */; };
		1EC59DD324E49D9C003F4D78 /* DragoW2Final.png in Resources */ = {isa = PBXBuildFile; fileRef = 1EC59DB824E49D9A003F4D78 /* DragoW2Final.png */; };
		1EC59DD424E49D9C003F4D78 /* filter.png in Resources */ = {isa = PBXBuildFile; fileRef = 1EC59DB924E49D9A003F4D78 /* filter.png */; };
		1EC59DD524E49D9C003F4D78 /* DragoRFinal.png in Resources */ = {isa = PBXBuildFile; fileRef = 1EC59DBA24E49D9B003F4D78 /* DragoRFinal.png */; };
		1EC59DD624E49D9C003F4D78 /* sliders.png in Resources */ = {isa = PBXBuildFile; fileRef = 1EC59DBB24E49D9B003F4D78 /* sliders.png */; };
		1EC59DD724E49D9C003F4D78 /* whistle.png in Resources */ = {isa = PBXBuildFile; fileRef = 1EC59DBC24E49D9B003F4D78 /* whistle.png */; };
		1EC59DD824E49D9C003F4D78 /* arrowleft.png in Resources */ = {isa = PBXBuildFile; fileRef = 1EC59DBD24E49D9B003F4D78 /* arrowleft.png */; };
		1EC59DD924E49D9C003F4D78 /* hamburgermenu.png in Resources */ = {isa = PBXBuildFile; fileRef = 1EC59DBE24E49D9B003F4D78 /* hamburgermenu.png */; };
		1EC59DDA24E49D9C003F4D78 /* coach.png in Resources */ = {isa = PBXBuildFile; fileRef = 1EC59DBF24E49D9B003F4D78 /* coach.png */; };
		1EC59DDB24E49D9C003F4D78 /* DragoBWFinal.png in Resources */ = {isa = PBXBuildFile; fileRef = 1EC59DC024E49D9B003F4D78 /* DragoBWFinal.png */; };
		1EC59DDC24E49D9C003F4D78 /* unchecked.png in Resources */ = {isa = PBXBuildFile; fileRef = 1EC59DC124E49D9B003F4D78 /* unchecked.png */; };
		1EC59DDD24E49D9C003F4D78 /* questionmark.png in Resources */ = {isa = PBXBuildFile; fileRef = 1EC59DC224E49D9C003F4D78 /* questionmark.png */; };
		1EC59DDE24E49D9C003F4D78 /* logo.png in Resources */ = {isa = PBXBuildFile; fileRef = 1EC59DC324E49D9C003F4D78 /* logo.png */; };
		1EC59DDF24E49D9C003F4D78 /* DragoWFinal.png in Resources */ = {isa = PBXBuildFile; fileRef = 1EC59DC424E49D9C003F4D78 /* DragoWFinal.png */; };
		1EC59DE024E49D9C003F4D78 /* fontlogoblack.png in Resources */ = {isa = PBXBuildFile; fileRef = 1EC59DC524E49D9C003F4D78 /* fontlogoblack.png */; };
/* End PBXBuildFile section */

/* Begin PBXFileReference section */
		1E1F0DE724DB90B20059FC9F /* MoveManager.h */ = {isa = PBXFileReference; fileEncoding = 4; lastKnownFileType = sourcecode.c.h; path = MoveManager.h; sourceTree = "<group>"; };
		1E1F0DE824DB90B20059FC9F /* MoveManager.m */ = {isa = PBXFileReference; fileEncoding = 4; lastKnownFileType = sourcecode.c.objc; path = MoveManager.m; sourceTree = "<group>"; };
		1E2CEC6424E1D6A100ADDF0A /* WeightObject.h */ = {isa = PBXFileReference; lastKnownFileType = sourcecode.c.h; path = WeightObject.h; sourceTree = "<group>"; };
		1E2CEC6524E1D75800ADDF0A /* WeightObject.m */ = {isa = PBXFileReference; lastKnownFileType = sourcecode.c.objc; path = WeightObject.m; sourceTree = "<group>"; };
		1E5004DD24DB090C006C23A6 /* tricking generator.app */ = {isa = PBXFileReference; explicitFileType = wrapper.application; includeInIndex = 0; path = "tricking generator.app"; sourceTree = BUILT_PRODUCTS_DIR; };
		1E5004E024DB090C006C23A6 /* AppDelegate.h */ = {isa = PBXFileReference; lastKnownFileType = sourcecode.c.h; path = AppDelegate.h; sourceTree = "<group>"; };
		1E5004E124DB090C006C23A6 /* AppDelegate.m */ = {isa = PBXFileReference; lastKnownFileType = sourcecode.c.objc; path = AppDelegate.m; sourceTree = "<group>"; };
		1E5004E324DB090C006C23A6 /* SceneDelegate.h */ = {isa = PBXFileReference; lastKnownFileType = sourcecode.c.h; path = SceneDelegate.h; sourceTree = "<group>"; };
		1E5004E424DB090C006C23A6 /* SceneDelegate.m */ = {isa = PBXFileReference; lastKnownFileType = sourcecode.c.objc; path = SceneDelegate.m; sourceTree = "<group>"; };
		1E5004E624DB090C006C23A6 /* FirstViewController.h */ = {isa = PBXFileReference; lastKnownFileType = sourcecode.c.h; path = FirstViewController.h; sourceTree = "<group>"; };
		1E5004E724DB090C006C23A6 /* FirstViewController.m */ = {isa = PBXFileReference; lastKnownFileType = sourcecode.c.objc; path = FirstViewController.m; sourceTree = "<group>"; };
		1E5004E924DB090C006C23A6 /* SecondViewController.h */ = {isa = PBXFileReference; lastKnownFileType = sourcecode.c.h; path = SecondViewController.h; sourceTree = "<group>"; };
		1E5004EA24DB090C006C23A6 /* SecondViewController.m */ = {isa = PBXFileReference; lastKnownFileType = sourcecode.c.objc; path = SecondViewController.m; sourceTree = "<group>"; };
		1E5004ED24DB090C006C23A6 /* Base */ = {isa = PBXFileReference; lastKnownFileType = file.storyboard; name = Base; path = Base.lproj/Main.storyboard; sourceTree = "<group>"; };
		1E5004F024DB090C006C23A6 /* tricking_generator.xcdatamodel */ = {isa = PBXFileReference; lastKnownFileType = wrapper.xcdatamodel; path = tricking_generator.xcdatamodel; sourceTree = "<group>"; };
		1E5004F224DB090C006C23A6 /* Assets.xcassets */ = {isa = PBXFileReference; lastKnownFileType = folder.assetcatalog; path = Assets.xcassets; sourceTree = "<group>"; };
		1E5004F524DB090C006C23A6 /* Base */ = {isa = PBXFileReference; lastKnownFileType = file.storyboard; name = Base; path = Base.lproj/LaunchScreen.storyboard; sourceTree = "<group>"; };
		1E5004F724DB090C006C23A6 /* Info.plist */ = {isa = PBXFileReference; lastKnownFileType = text.plist.xml; path = Info.plist; sourceTree = "<group>"; };
		1E5004F824DB090C006C23A6 /* main.m */ = {isa = PBXFileReference; lastKnownFileType = sourcecode.c.objc; path = main.m; sourceTree = "<group>"; };
		1E50050024DB0DBC006C23A6 /* Move.h */ = {isa = PBXFileReference; fileEncoding = 4; lastKnownFileType = sourcecode.c.h; path = Move.h; sourceTree = "<group>"; };
		1E50050124DB0DBC006C23A6 /* Move.m */ = {isa = PBXFileReference; fileEncoding = 4; lastKnownFileType = sourcecode.c.objc; path = Move.m; sourceTree = "<group>"; };
		1EC59D9E24E49A17003F4D78 /* CellMenuItem.m */ = {isa = PBXFileReference; fileEncoding = 4; lastKnownFileType = sourcecode.c.objc; path = CellMenuItem.m; sourceTree = "<group>"; };
		1EC59D9F24E49A17003F4D78 /* MainCell.m */ = {isa = PBXFileReference; fileEncoding = 4; lastKnownFileType = sourcecode.c.objc; path = MainCell.m; sourceTree = "<group>"; };
		1EC59DA024E49A17003F4D78 /* MainCell.h */ = {isa = PBXFileReference; fileEncoding = 4; lastKnownFileType = sourcecode.c.h; path = MainCell.h; sourceTree = "<group>"; };
		1EC59DA124E49A17003F4D78 /* HeaderCell.m */ = {isa = PBXFileReference; fileEncoding = 4; lastKnownFileType = sourcecode.c.objc; path = HeaderCell.m; sourceTree = "<group>"; };
		1EC59DA224E49A17003F4D78 /* MoveCell.h */ = {isa = PBXFileReference; fileEncoding = 4; lastKnownFileType = sourcecode.c.h; path = MoveCell.h; sourceTree = "<group>"; };
		1EC59DA324E49A17003F4D78 /* MoveCell.m */ = {isa = PBXFileReference; fileEncoding = 4; lastKnownFileType = sourcecode.c.objc; path = MoveCell.m; sourceTree = "<group>"; };
		1EC59DA424E49A17003F4D78 /* HeaderCell.h */ = {isa = PBXFileReference; fileEncoding = 4; lastKnownFileType = sourcecode.c.h; path = HeaderCell.h; sourceTree = "<group>"; };
		1EC59DA524E49A17003F4D78 /* CellMenuItem.h */ = {isa = PBXFileReference; fileEncoding = 4; lastKnownFileType = sourcecode.c.h; path = CellMenuItem.h; sourceTree = "<group>"; };
		1EC59DAB24E49D99003F4D78 /* arrowright.png */ = {isa = PBXFileReference; lastKnownFileType = image.png; path = arrowright.png; sourceTree = "<group>"; };
		1EC59DAC24E49D99003F4D78 /* ocean.jpg */ = {isa = PBXFileReference; lastKnownFileType = image.jpeg; path = ocean.jpg; sourceTree = "<group>"; };
		1EC59DAD24E49D99003F4D78 /* error.png */ = {isa = PBXFileReference; lastKnownFileType = image.png; path = error.png; sourceTree = "<group>"; };
		1EC59DAE24E49D99003F4D78 /* shattered-island.gif */ = {isa = PBXFileReference; lastKnownFileType = image.gif; path = "shattered-island.gif"; sourceTree = "<group>"; };
		1EC59DAF24E49D99003F4D78 /* speaker.png */ = {isa = PBXFileReference; lastKnownFileType = image.png; path = speaker.png; sourceTree = "<group>"; };
		1EC59DB024E49D99003F4D78 /* fontlogowhite.png */ = {isa = PBXFileReference; lastKnownFileType = image.png; path = fontlogowhite.png; sourceTree = "<group>"; };
		1EC59DB124E49D99003F4D78 /* arrowdown.png */ = {isa = PBXFileReference; lastKnownFileType = image.png; path = arrowdown.png; sourceTree = "<group>"; };
		1EC59DB224E49D99003F4D78 /* checked.png */ = {isa = PBXFileReference; lastKnownFileType = image.png; path = checked.png; sourceTree = "<group>"; };
		1EC59DB324E49D9A003F4D78 /* punchplaceholder.png */ = {isa = PBXFileReference; lastKnownFileType = image.png; path = punchplaceholder.png; sourceTree = "<group>"; };
		1EC59DB424E49D9A003F4D78 /* gear.png */ = {isa = PBXFileReference; lastKnownFileType = image.png; path = gear.png; sourceTree = "<group>"; };
		1EC59DB524E49D9A003F4D78 /* kcickgenicontrans.png */ = {isa = PBXFileReference; lastKnownFileType = image.png; path = kcickgenicontrans.png; sourceTree = "<group>"; };
		1EC59DB624E49D9A003F4D78 /* special-delivery (1).jpg */ = {isa = PBXFileReference; lastKnownFileType = image.jpeg; path = "special-delivery (1).jpg"; sourceTree = "<group>"; };
		1EC59DB724E49D9A003F4D78 /* question.png */ = {isa = PBXFileReference; lastKnownFileType = image.png; path = question.png; sourceTree = "<group>"; };
		1EC59DB824E49D9A003F4D78 /* DragoW2Final.png */ = {isa = PBXFileReference; lastKnownFileType = image.png; path = DragoW2Final.png; sourceTree = "<group>"; };
		1EC59DB924E49D9A003F4D78 /* filter.png */ = {isa = PBXFileReference; lastKnownFileType = image.png; path = filter.png; sourceTree = "<group>"; };
		1EC59DBA24E49D9B003F4D78 /* DragoRFinal.png */ = {isa = PBXFileReference; lastKnownFileType = image.png; path = DragoRFinal.png; sourceTree = "<group>"; };
		1EC59DBB24E49D9B003F4D78 /* sliders.png */ = {isa = PBXFileReference; lastKnownFileType = image.png; path = sliders.png; sourceTree = "<group>"; };
		1EC59DBC24E49D9B003F4D78 /* whistle.png */ = {isa = PBXFileReference; lastKnownFileType = image.png; path = whistle.png; sourceTree = "<group>"; };
		1EC59DBD24E49D9B003F4D78 /* arrowleft.png */ = {isa = PBXFileReference; lastKnownFileType = image.png; path = arrowleft.png; sourceTree = "<group>"; };
		1EC59DBE24E49D9B003F4D78 /* hamburgermenu.png */ = {isa = PBXFileReference; lastKnownFileType = image.png; path = hamburgermenu.png; sourceTree = "<group>"; };
		1EC59DBF24E49D9B003F4D78 /* coach.png */ = {isa = PBXFileReference; lastKnownFileType = image.png; path = coach.png; sourceTree = "<group>"; };
		1EC59DC024E49D9B003F4D78 /* DragoBWFinal.png */ = {isa = PBXFileReference; lastKnownFileType = image.png; path = DragoBWFinal.png; sourceTree = "<group>"; };
		1EC59DC124E49D9B003F4D78 /* unchecked.png */ = {isa = PBXFileReference; lastKnownFileType = image.png; path = unchecked.png; sourceTree = "<group>"; };
		1EC59DC224E49D9C003F4D78 /* questionmark.png */ = {isa = PBXFileReference; lastKnownFileType = image.png; path = questionmark.png; sourceTree = "<group>"; };
		1EC59DC324E49D9C003F4D78 /* logo.png */ = {isa = PBXFileReference; lastKnownFileType = image.png; path = logo.png; sourceTree = "<group>"; };
		1EC59DC424E49D9C003F4D78 /* DragoWFinal.png */ = {isa = PBXFileReference; lastKnownFileType = image.png; path = DragoWFinal.png; sourceTree = "<group>"; };
		1EC59DC524E49D9C003F4D78 /* fontlogoblack.png */ = {isa = PBXFileReference; lastKnownFileType = image.png; path = fontlogoblack.png; sourceTree = "<group>"; };
/* End PBXFileReference section */

/* Begin PBXFrameworksBuildPhase section */
		1E5004DA24DB090C006C23A6 /* Frameworks */ = {
			isa = PBXFrameworksBuildPhase;
			buildActionMask = 2147483647;
			files = (
			);
			runOnlyForDeploymentPostprocessing = 0;
		};
/* End PBXFrameworksBuildPhase section */

/* Begin PBXGroup section */
		1E5004D424DB090C006C23A6 = {
			isa = PBXGroup;
			children = (
				1E5004DF24DB090C006C23A6 /* tricking generator */,
				1E5004DE24DB090C006C23A6 /* Products */,
			);
			sourceTree = "<group>";
		};
		1E5004DE24DB090C006C23A6 /* Products */ = {
			isa = PBXGroup;
			children = (
				1E5004DD24DB090C006C23A6 /* tricking generator.app */,
			);
			name = Products;
			sourceTree = "<group>";
		};
		1E5004DF24DB090C006C23A6 /* tricking generator */ = {
			isa = PBXGroup;
			children = (
				1EC59DAA24E49D8A003F4D78 /* Images */,
				1EC59D9D24E49A0D003F4D78 /* Filter Objects */,
				1E5004FF24DB0CA0006C23A6 /* Moves */,
				1E5004E024DB090C006C23A6 /* AppDelegate.h */,
				1E5004E124DB090C006C23A6 /* AppDelegate.m */,
				1E5004E324DB090C006C23A6 /* SceneDelegate.h */,
				1E5004E424DB090C006C23A6 /* SceneDelegate.m */,
				1E5004E624DB090C006C23A6 /* FirstViewController.h */,
				1E5004E724DB090C006C23A6 /* FirstViewController.m */,
				1E5004E924DB090C006C23A6 /* SecondViewController.h */,
				1E5004EA24DB090C006C23A6 /* SecondViewController.m */,
				1E5004EC24DB090C006C23A6 /* Main.storyboard */,
				1E5004F224DB090C006C23A6 /* Assets.xcassets */,
				1E5004F424DB090C006C23A6 /* LaunchScreen.storyboard */,
				1E5004F724DB090C006C23A6 /* Info.plist */,
				1E5004F824DB090C006C23A6 /* main.m */,
				1E5004EF24DB090C006C23A6 /* tricking_generator.xcdatamodeld */,
			);
			path = "tricking generator";
			sourceTree = "<group>";
		};
		1E5004FF24DB0CA0006C23A6 /* Moves */ = {
			isa = PBXGroup;
			children = (
				1E1F0DE724DB90B20059FC9F /* MoveManager.h */,
				1E1F0DE824DB90B20059FC9F /* MoveManager.m */,
				1E50050024DB0DBC006C23A6 /* Move.h */,
				1E50050124DB0DBC006C23A6 /* Move.m */,
				1E2CEC6424E1D6A100ADDF0A /* WeightObject.h */,
				1E2CEC6524E1D75800ADDF0A /* WeightObject.m */,
			);
			path = Moves;
			sourceTree = "<group>";
		};
		1EC59D9D24E49A0D003F4D78 /* Filter Objects */ = {
			isa = PBXGroup;
			children = (
				1EC59DA524E49A17003F4D78 /* CellMenuItem.h */,
				1EC59D9E24E49A17003F4D78 /* CellMenuItem.m */,
				1EC59DA424E49A17003F4D78 /* HeaderCell.h */,
				1EC59DA124E49A17003F4D78 /* HeaderCell.m */,
				1EC59DA024E49A17003F4D78 /* MainCell.h */,
				1EC59D9F24E49A17003F4D78 /* MainCell.m */,
				1EC59DA224E49A17003F4D78 /* MoveCell.h */,
				1EC59DA324E49A17003F4D78 /* MoveCell.m */,
			);
			path = "Filter Objects";
			sourceTree = "<group>";
		};
		1EC59DAA24E49D8A003F4D78 /* Images */ = {
			isa = PBXGroup;
			children = (
				1EC59DB124E49D99003F4D78 /* arrowdown.png */,
				1EC59DBD24E49D9B003F4D78 /* arrowleft.png */,
				1EC59DAB24E49D99003F4D78 /* arrowright.png */,
				1EC59DB224E49D99003F4D78 /* checked.png */,
				1EC59DBF24E49D9B003F4D78 /* coach.png */,
				1EC59DC024E49D9B003F4D78 /* DragoBWFinal.png */,
				1EC59DBA24E49D9B003F4D78 /* DragoRFinal.png */,
				1EC59DB824E49D9A003F4D78 /* DragoW2Final.png */,
				1EC59DC424E49D9C003F4D78 /* DragoWFinal.png */,
				1EC59DAD24E49D99003F4D78 /* error.png */,
				1EC59DB924E49D9A003F4D78 /* filter.png */,
				1EC59DC524E49D9C003F4D78 /* fontlogoblack.png */,
				1EC59DB024E49D99003F4D78 /* fontlogowhite.png */,
				1EC59DB424E49D9A003F4D78 /* gear.png */,
				1EC59DBE24E49D9B003F4D78 /* hamburgermenu.png */,
				1EC59DB524E49D9A003F4D78 /* kcickgenicontrans.png */,
				1EC59DC324E49D9C003F4D78 /* logo.png */,
				1EC59DAC24E49D99003F4D78 /* ocean.jpg */,
				1EC59DB324E49D9A003F4D78 /* punchplaceholder.png */,
				1EC59DB724E49D9A003F4D78 /* question.png */,
				1EC59DC224E49D9C003F4D78 /* questionmark.png */,
				1EC59DAE24E49D99003F4D78 /* shattered-island.gif */,
				1EC59DBB24E49D9B003F4D78 /* sliders.png */,
				1EC59DAF24E49D99003F4D78 /* speaker.png */,
				1EC59DB624E49D9A003F4D78 /* special-delivery (1).jpg */,
				1EC59DC124E49D9B003F4D78 /* unchecked.png */,
				1EC59DBC24E49D9B003F4D78 /* whistle.png */,
			);
			path = Images;
			sourceTree = "<group>";
		};
/* End PBXGroup section */

/* Begin PBXNativeTarget section */
		1E5004DC24DB090C006C23A6 /* tricking generator */ = {
			isa = PBXNativeTarget;
			buildConfigurationList = 1E5004FC24DB090C006C23A6 /* Build configuration list for PBXNativeTarget "tricking generator" */;
			buildPhases = (
				1E5004D924DB090C006C23A6 /* Sources */,
				1E5004DA24DB090C006C23A6 /* Frameworks */,
				1E5004DB24DB090C006C23A6 /* Resources */,
			);
			buildRules = (
			);
			dependencies = (
			);
			name = "tricking generator";
			productName = "tricking generator";
			productReference = 1E5004DD24DB090C006C23A6 /* tricking generator.app */;
			productType = "com.apple.product-type.application";
		};
/* End PBXNativeTarget section */

/* Begin PBXProject section */
		1E5004D524DB090C006C23A6 /* Project object */ = {
			isa = PBXProject;
			attributes = {
				LastUpgradeCheck = 1130;
				ORGANIZATIONNAME = SUNSTRIDER;
				TargetAttributes = {
					1E5004DC24DB090C006C23A6 = {
						CreatedOnToolsVersion = 11.3.1;
					};
				};
			};
			buildConfigurationList = 1E5004D824DB090C006C23A6 /* Build configuration list for PBXProject "tricking generator" */;
			compatibilityVersion = "Xcode 9.3";
			developmentRegion = en;
			hasScannedForEncodings = 0;
			knownRegions = (
				en,
				Base,
			);
			mainGroup = 1E5004D424DB090C006C23A6;
			productRefGroup = 1E5004DE24DB090C006C23A6 /* Products */;
			projectDirPath = "";
			projectRoot = "";
			targets = (
				1E5004DC24DB090C006C23A6 /* tricking generator */,
			);
		};
/* End PBXProject section */

/* Begin PBXResourcesBuildPhase section */
		1E5004DB24DB090C006C23A6 /* Resources */ = {
			isa = PBXResourcesBuildPhase;
			buildActionMask = 2147483647;
			files = (
				1EC59DC824E49D9C003F4D78 /* error.png in Resources */,
				1EC59DCC24E49D9C003F4D78 /* arrowdown.png in Resources */,
				1EC59DD524E49D9C003F4D78 /* DragoRFinal.png in Resources */,
				1E5004F624DB090C006C23A6 /* LaunchScreen.storyboard in Resources */,
				1EC59DCE24E49D9C003F4D78 /* punchplaceholder.png in Resources */,
				1EC59DDF24E49D9C003F4D78 /* DragoWFinal.png in Resources */,
				1EC59DD024E49D9C003F4D78 /* kcickgenicontrans.png in Resources */,
				1EC59DDC24E49D9C003F4D78 /* unchecked.png in Resources */,
				1EC59DD424E49D9C003F4D78 /* filter.png in Resources */,
				1EC59DCB24E49D9C003F4D78 /* fontlogowhite.png in Resources */,
				1E5004F324DB090C006C23A6 /* Assets.xcassets in Resources */,
				1EC59DD624E49D9C003F4D78 /* sliders.png in Resources */,
				1EC59DC924E49D9C003F4D78 /* shattered-island.gif in Resources */,
				1EC59DD724E49D9C003F4D78 /* whistle.png in Resources */,
				1EC59DD224E49D9C003F4D78 /* question.png in Resources */,
				1EC59DD924E49D9C003F4D78 /* hamburgermenu.png in Resources */,
				1EC59DDE24E49D9C003F4D78 /* logo.png in Resources */,
				1EC59DD824E49D9C003F4D78 /* arrowleft.png in Resources */,
				1EC59DCF24E49D9C003F4D78 /* gear.png in Resources */,
				1EC59DDA24E49D9C003F4D78 /* coach.png in Resources */,
				1EC59DC624E49D9C003F4D78 /* arrowright.png in Resources */,
				1EC59DE024E49D9C003F4D78 /* fontlogoblack.png in Resources */,
				1EC59DD124E49D9C003F4D78 /* special-delivery (1).jpg in Resources */,
				1EC59DD324E49D9C003F4D78 /* DragoW2Final.png in Resources */,
				1EC59DDD24E49D9C003F4D78 /* questionmark.png in Resources */,
				1EC59DC724E49D9C003F4D78 /* ocean.jpg in Resources */,
				1EC59DCD24E49D9C003F4D78 /* checked.png in Resources */,
				1EC59DCA24E49D9C003F4D78 /* speaker.png in Resources */,
				1E5004EE24DB090C006C23A6 /* Main.storyboard in Resources */,
				1EC59DDB24E49D9C003F4D78 /* DragoBWFinal.png in Resources */,
			);
			runOnlyForDeploymentPostprocessing = 0;
		};
/* End PBXResourcesBuildPhase section */

/* Begin PBXSourcesBuildPhase section */
		1E5004D924DB090C006C23A6 /* Sources */ = {
			isa = PBXSourcesBuildPhase;
			buildActionMask = 2147483647;
			files = (
				1E5004EB24DB090C006C23A6 /* SecondViewController.m in Sources */,
				1EC59DA724E49A17003F4D78 /* MainCell.m in Sources */,
				1EC59DA924E49A17003F4D78 /* MoveCell.m in Sources */,
				1E5004E224DB090C006C23A6 /* AppDelegate.m in Sources */,
				1E2CEC6624E1D75800ADDF0A /* WeightObject.m in Sources */,
				1EC59DA824E49A17003F4D78 /* HeaderCell.m in Sources */,
				1EC59DA624E49A17003F4D78 /* CellMenuItem.m in Sources */,
				1E1F0DE924DB90B20059FC9F /* MoveManager.m in Sources */,
				1E50050224DB0DBC006C23A6 /* Move.m in Sources */,
				1E5004E824DB090C006C23A6 /* FirstViewController.m in Sources */,
				1E5004F124DB090C006C23A6 /* tricking_generator.xcdatamodeld in Sources */,
				1E5004F924DB090C006C23A6 /* main.m in Sources */,
				1E5004E524DB090C006C23A6 /* SceneDelegate.m in Sources */,
			);
			runOnlyForDeploymentPostprocessing = 0;
		};
/* End PBXSourcesBuildPhase section */

/* Begin PBXVariantGroup section */
		1E5004EC24DB090C006C23A6 /* Main.storyboard */ = {
			isa = PBXVariantGroup;
			children = (
				1E5004ED24DB090C006C23A6 /* Base */,
			);
			name = Main.storyboard;
			sourceTree = "<group>";
		};
		1E5004F424DB090C006C23A6 /* LaunchScreen.storyboard */ = {
			isa = PBXVariantGroup;
			children = (
				1E5004F524DB090C006C23A6 /* Base */,
			);
			name = LaunchScreen.storyboard;
			sourceTree = "<group>";
		};
/* End PBXVariantGroup section */

/* Begin XCBuildConfiguration section */
		1E5004FA24DB090C006C23A6 /* Debug */ = {
			isa = XCBuildConfiguration;
			buildSettings = {
				ALWAYS_SEARCH_USER_PATHS = NO;
				CLANG_ANALYZER_NONNULL = YES;
				CLANG_ANALYZER_NUMBER_OBJECT_CONVERSION = YES_AGGRESSIVE;
				CLANG_CXX_LANGUAGE_STANDARD = "gnu++14";
				CLANG_CXX_LIBRARY = "libc++";
				CLANG_ENABLE_MODULES = YES;
				CLANG_ENABLE_OBJC_ARC = YES;
				CLANG_ENABLE_OBJC_WEAK = YES;
				CLANG_WARN_BLOCK_CAPTURE_AUTORELEASING = YES;
				CLANG_WARN_BOOL_CONVERSION = YES;
				CLANG_WARN_COMMA = YES;
				CLANG_WARN_CONSTANT_CONVERSION = YES;
				CLANG_WARN_DEPRECATED_OBJC_IMPLEMENTATIONS = YES;
				CLANG_WARN_DIRECT_OBJC_ISA_USAGE = YES_ERROR;
				CLANG_WARN_DOCUMENTATION_COMMENTS = YES;
				CLANG_WARN_EMPTY_BODY = YES;
				CLANG_WARN_ENUM_CONVERSION = YES;
				CLANG_WARN_INFINITE_RECURSION = YES;
				CLANG_WARN_INT_CONVERSION = YES;
				CLANG_WARN_NON_LITERAL_NULL_CONVERSION = YES;
				CLANG_WARN_OBJC_IMPLICIT_RETAIN_SELF = YES;
				CLANG_WARN_OBJC_LITERAL_CONVERSION = YES;
				CLANG_WARN_OBJC_ROOT_CLASS = YES_ERROR;
				CLANG_WARN_RANGE_LOOP_ANALYSIS = YES;
				CLANG_WARN_STRICT_PROTOTYPES = YES;
				CLANG_WARN_SUSPICIOUS_MOVE = YES;
				CLANG_WARN_UNGUARDED_AVAILABILITY = YES_AGGRESSIVE;
				CLANG_WARN_UNREACHABLE_CODE = YES;
				CLANG_WARN__DUPLICATE_METHOD_MATCH = YES;
				COPY_PHASE_STRIP = NO;
				DEBUG_INFORMATION_FORMAT = dwarf;
				ENABLE_STRICT_OBJC_MSGSEND = YES;
				ENABLE_TESTABILITY = YES;
				GCC_C_LANGUAGE_STANDARD = gnu11;
				GCC_DYNAMIC_NO_PIC = NO;
				GCC_NO_COMMON_BLOCKS = YES;
				GCC_OPTIMIZATION_LEVEL = 0;
				GCC_PREPROCESSOR_DEFINITIONS = (
					"DEBUG=1",
					"$(inherited)",
				);
				GCC_WARN_64_TO_32_BIT_CONVERSION = YES;
				GCC_WARN_ABOUT_RETURN_TYPE = YES_ERROR;
				GCC_WARN_UNDECLARED_SELECTOR = YES;
				GCC_WARN_UNINITIALIZED_AUTOS = YES_AGGRESSIVE;
				GCC_WARN_UNUSED_FUNCTION = YES;
				GCC_WARN_UNUSED_VARIABLE = YES;
				IPHONEOS_DEPLOYMENT_TARGET = 13.2;
				MTL_ENABLE_DEBUG_INFO = INCLUDE_SOURCE;
				MTL_FAST_MATH = YES;
				ONLY_ACTIVE_ARCH = YES;
				SDKROOT = iphoneos;
			};
			name = Debug;
		};
		1E5004FB24DB090C006C23A6 /* Release */ = {
			isa = XCBuildConfiguration;
			buildSettings = {
				ALWAYS_SEARCH_USER_PATHS = NO;
				CLANG_ANALYZER_NONNULL = YES;
				CLANG_ANALYZER_NUMBER_OBJECT_CONVERSION = YES_AGGRESSIVE;
				CLANG_CXX_LANGUAGE_STANDARD = "gnu++14";
				CLANG_CXX_LIBRARY = "libc++";
				CLANG_ENABLE_MODULES = YES;
				CLANG_ENABLE_OBJC_ARC = YES;
				CLANG_ENABLE_OBJC_WEAK = YES;
				CLANG_WARN_BLOCK_CAPTURE_AUTORELEASING = YES;
				CLANG_WARN_BOOL_CONVERSION = YES;
				CLANG_WARN_COMMA = YES;
				CLANG_WARN_CONSTANT_CONVERSION = YES;
				CLANG_WARN_DEPRECATED_OBJC_IMPLEMENTATIONS = YES;
				CLANG_WARN_DIRECT_OBJC_ISA_USAGE = YES_ERROR;
				CLANG_WARN_DOCUMENTATION_COMMENTS = YES;
				CLANG_WARN_EMPTY_BODY = YES;
				CLANG_WARN_ENUM_CONVERSION = YES;
				CLANG_WARN_INFINITE_RECURSION = YES;
				CLANG_WARN_INT_CONVERSION = YES;
				CLANG_WARN_NON_LITERAL_NULL_CONVERSION = YES;
				CLANG_WARN_OBJC_IMPLICIT_RETAIN_SELF = YES;
				CLANG_WARN_OBJC_LITERAL_CONVERSION = YES;
				CLANG_WARN_OBJC_ROOT_CLASS = YES_ERROR;
				CLANG_WARN_RANGE_LOOP_ANALYSIS = YES;
				CLANG_WARN_STRICT_PROTOTYPES = YES;
				CLANG_WARN_SUSPICIOUS_MOVE = YES;
				CLANG_WARN_UNGUARDED_AVAILABILITY = YES_AGGRESSIVE;
				CLANG_WARN_UNREACHABLE_CODE = YES;
				CLANG_WARN__DUPLICATE_METHOD_MATCH = YES;
				COPY_PHASE_STRIP = NO;
				DEBUG_INFORMATION_FORMAT = "dwarf-with-dsym";
				ENABLE_NS_ASSERTIONS = NO;
				ENABLE_STRICT_OBJC_MSGSEND = YES;
				GCC_C_LANGUAGE_STANDARD = gnu11;
				GCC_NO_COMMON_BLOCKS = YES;
				GCC_WARN_64_TO_32_BIT_CONVERSION = YES;
				GCC_WARN_ABOUT_RETURN_TYPE = YES_ERROR;
				GCC_WARN_UNDECLARED_SELECTOR = YES;
				GCC_WARN_UNINITIALIZED_AUTOS = YES_AGGRESSIVE;
				GCC_WARN_UNUSED_FUNCTION = YES;
				GCC_WARN_UNUSED_VARIABLE = YES;
				IPHONEOS_DEPLOYMENT_TARGET = 13.2;
				MTL_ENABLE_DEBUG_INFO = NO;
				MTL_FAST_MATH = YES;
				SDKROOT = iphoneos;
				VALIDATE_PRODUCT = YES;
			};
			name = Release;
		};
		1E5004FD24DB090C006C23A6 /* Debug */ = {
			isa = XCBuildConfiguration;
			buildSettings = {
				ASSETCATALOG_COMPILER_APPICON_NAME = AppIcon;
				CODE_SIGN_STYLE = Automatic;
				DEVELOPMENT_TEAM = RX64HPKB3B;
				INFOPLIST_FILE = "tricking generator/Info.plist";
				IPHONEOS_DEPLOYMENT_TARGET = 11.0;
				LD_RUNPATH_SEARCH_PATHS = (
					"$(inherited)",
					"@executable_path/Frameworks",
				);
				PRODUCT_BUNDLE_IDENTIFIER = "SUNSTRIDER.tricking-generator";
				PRODUCT_NAME = "$(TARGET_NAME)";
				TARGETED_DEVICE_FAMILY = 1;
			};
			name = Debug;
		};
		1E5004FE24DB090C006C23A6 /* Release */ = {
			isa = XCBuildConfiguration;
			buildSettings = {
				ASSETCATALOG_COMPILER_APPICON_NAME = AppIcon;
				CODE_SIGN_STYLE = Automatic;
				DEVELOPMENT_TEAM = RX64HPKB3B;
				INFOPLIST_FILE = "tricking generator/Info.plist";
				IPHONEOS_DEPLOYMENT_TARGET = 11.0;
				LD_RUNPATH_SEARCH_PATHS = (
					"$(inherited)",
					"@executable_path/Frameworks",
				);
				PRODUCT_BUNDLE_IDENTIFIER = "SUNSTRIDER.tricking-generator";
				PRODUCT_NAME = "$(TARGET_NAME)";
				TARGETED_DEVICE_FAMILY = 1;
			};
			name = Release;
		};
/* End XCBuildConfiguration section */

/* Begin XCConfigurationList section */
		1E5004D824DB090C006C23A6 /* Build configuration list for PBXProject "tricking generator" */ = {
			isa = XCConfigurationList;
			buildConfigurations = (
				1E5004FA24DB090C006C23A6 /* Debug */,
				1E5004FB24DB090C006C23A6 /* Release */,
			);
			defaultConfigurationIsVisible = 0;
			defaultConfigurationName = Release;
		};
		1E5004FC24DB090C006C23A6 /* Build configuration list for PBXNativeTarget "tricking generator" */ = {
			isa = XCConfigurationList;
			buildConfigurations = (
				1E5004FD24DB090C006C23A6 /* Debug */,
				1E5004FE24DB090C006C23A6 /* Release */,
			);
			defaultConfigurationIsVisible = 0;
			defaultConfigurationName = Release;
		};
/* End XCConfigurationList section */

/* Begin XCVersionGroup section */
		1E5004EF24DB090C006C23A6 /* tricking_generator.xcdatamodeld */ = {
			isa = XCVersionGroup;
			children = (
				1E5004F024DB090C006C23A6 /* tricking_generator.xcdatamodel */,
			);
			currentVersion = 1E5004F024DB090C006C23A6 /* tricking_generator.xcdatamodel */;
			path = tricking_generator.xcdatamodeld;
			sourceTree = "<group>";
			versionGroupType = wrapper.xcdatamodel;
		};
/* End XCVersionGroup section */
	};
	rootObject = 1E5004D524DB090C006C23A6 /* Project object */;
}
